
Microsoft Visual Studio Solution File, Format Version 12.00
# Visual Studio Version 17
VisualStudioVersion = 17.11.35312.102
MinimumVisualStudioVersion = 10.0.40219.1
Project("{FAE04EC0-301F-11D3-BF4B-00C04F79EFBC}") = "kitap27_u3", "kitap27_u3\kitap27_u3.csproj", "{649BA970-760C-4C98-BE59-555BE84C9523}"
EndProject
Global
	GlobalSection(SolutionConfigurationPlatforms) = preSolution
		Debug|Any CPU = Debug|Any CPU
		Release|Any CPU = Release|Any CPU
	EndGlobalSection
	GlobalSection(ProjectConfigurationPlatforms) = postSolution
		{649BA970-760C-4C98-BE59-555BE84C9523}.Debug|Any CPU.ActiveCfg = Debug|Any CPU
		{649BA970-760C-4C98-BE59-555BE84C9523}.Debug|Any CPU.Build.0 = Debug|Any CPU
		{649BA970-760C-4C98-BE59-555BE84C9523}.Release|Any CPU.ActiveCfg = Release|Any CPU
		{649BA970-760C-4C98-BE59-555BE84C9523}.Release|Any CPU.Build.0 = Release|Any CPU
	EndGlobalSection
	GlobalSection(SolutionProperties) = preSolution
		HideSolutionNode = FALSE
	EndGlobalSection
	GlobalSection(ExtensibilityGlobals) = postSolution
		SolutionGuid = {F1C6A7CC-18D7-4691-90F7-3F27C3122921}
	EndGlobalSection
EndGlobal
